
Microsoft Visual Studio Solution File, Format Version 12.00
# Visual Studio Version 17
VisualStudioVersion = 17.0.31903.59
MinimumVisualStudioVersion = 10.0.40219.1
Project("{2150E333-8FDC-42A3-9474-1A3956D46DE8}") = "_solution_items", "_solution_items", "{02EA681E-C7D8-13C7-8484-4AC65E1B71E8}"
	ProjectSection(SolutionItems) = preProject
		.editorconfig = .editorconfig
		.gitattributes = .gitattributes
		.gitignore = .gitignore
		Directory.Build.props = Directory.Build.props
		Directory.Packages.props = Directory.Packages.props
		exclusion.dic = exclusion.dic
		global.json = global.json
		README.md = README.md
	EndProjectSection
EndProject
Project("{2150E333-8FDC-42A3-9474-1A3956D46DE8}") = "src", "src", "{827E0CD3-B72D-47B6-A68D-7590B98EB39B}"
EndProject
Project("{FAE04EC0-301F-11D3-BF4B-00C04F79EFBC}") = "Eurocentric.WebApp", "src\Eurocentric.WebApp\Eurocentric.WebApp.csproj", "{439233D3-228D-449B-B740-074276B61D31}"
EndProject
Project("{FAE04EC0-301F-11D3-BF4B-00C04F79EFBC}") = "Eurocentric.AdminApi", "src\Eurocentric.AdminApi\Eurocentric.AdminApi.csproj", "{6D34B8A5-66D5-46C4-AF35-7663AE645F39}"
EndProject
Project("{FAE04EC0-301F-11D3-BF4B-00C04F79EFBC}") = "Eurocentric.DataAccess", "src\Eurocentric.DataAccess\Eurocentric.DataAccess.csproj", "{26884BD7-C393-4942-BDE2-4B4E02CEC2C7}"
EndProject
Project("{FAE04EC0-301F-11D3-BF4B-00C04F79EFBC}") = "Eurocentric.Domain", "src\Eurocentric.Domain\Eurocentric.Domain.csproj", "{61713704-6188-4732-8FED-A3F0DB2A2D08}"
EndProject
Project("{FAE04EC0-301F-11D3-BF4B-00C04F79EFBC}") = "Eurocentric.PublicApi", "src\Eurocentric.PublicApi\Eurocentric.PublicApi.csproj", "{CE80D66F-0144-452F-A0BB-179A12E6BCE8}"
EndProject
Project("{FAE04EC0-301F-11D3-BF4B-00C04F79EFBC}") = "Eurocentric.Shared", "src\Eurocentric.Shared\Eurocentric.Shared.csproj", "{3BB80DCD-0ADD-40C8-B777-335E53E91673}"
EndProject
Project("{2150E333-8FDC-42A3-9474-1A3956D46DE8}") = "tests", "tests", "{0AB3BF05-4346-4AA6-1389-037BE0695223}"
EndProject
Project("{FAE04EC0-301F-11D3-BF4B-00C04F79EFBC}") = "Eurocentric.Domain.Tests.Unit", "tests\Eurocentric.Domain.Tests.Unit\Eurocentric.Domain.Tests.Unit.csproj", "{66571D1A-3CB0-4118-90C4-DC9F3B6F129D}"
EndProject
Project("{FAE04EC0-301F-11D3-BF4B-00C04F79EFBC}") = "Eurocentric.Shared.Tests.Unit", "tests\Eurocentric.Shared.Tests.Unit\Eurocentric.Shared.Tests.Unit.csproj", "{7343AA97-E9EC-4EC2-B62C-3D41618DA82F}"
EndProject
Project("{FAE04EC0-301F-11D3-BF4B-00C04F79EFBC}") = "Eurocentric.WebApp.Tests.Fixtures", "tests\Eurocentric.WebApp.Tests.Fixtures\Eurocentric.WebApp.Tests.Fixtures.csproj", "{A1955D91-0E6F-4A9D-BA6E-24E4048667C6}"
EndProject
Project("{FAE04EC0-301F-11D3-BF4B-00C04F79EFBC}") = "Eurocentric.WebApp.Tests.Acceptance", "tests\Eurocentric.WebApp.Tests.Acceptance\Eurocentric.WebApp.Tests.Acceptance.csproj", "{148C1030-DC88-469A-9208-52B30B117544}"
EndProject
Project("{FAE04EC0-301F-11D3-BF4B-00C04F79EFBC}") = "Eurocentric.AdminApi.Tests.Integration", "tests\Eurocentric.AdminApi.Tests.Integration\Eurocentric.AdminApi.Tests.Integration.csproj", "{99D0E67D-8602-4EED-9CD3-9667A0D293A7}"
EndProject
Project("{FAE04EC0-301F-11D3-BF4B-00C04F79EFBC}") = "Eurocentric.PublicApi.Tests.Integration", "tests\Eurocentric.PublicApi.Tests.Integration\Eurocentric.PublicApi.Tests.Integration.csproj", "{D3D210FE-E01B-452C-AE57-418F8B210054}"
EndProject
Global
	GlobalSection(SolutionConfigurationPlatforms) = preSolution
		Debug|Any CPU = Debug|Any CPU
		Debug|x64 = Debug|x64
		Debug|x86 = Debug|x86
		Release|Any CPU = Release|Any CPU
		Release|x64 = Release|x64
		Release|x86 = Release|x86
	EndGlobalSection
	GlobalSection(ProjectConfigurationPlatforms) = postSolution
		{439233D3-228D-449B-B740-074276B61D31}.Debug|Any CPU.ActiveCfg = Debug|Any CPU
		{439233D3-228D-449B-B740-074276B61D31}.Debug|Any CPU.Build.0 = Debug|Any CPU
		{439233D3-228D-449B-B740-074276B61D31}.Debug|x64.ActiveCfg = Debug|Any CPU
		{439233D3-228D-449B-B740-074276B61D31}.Debug|x64.Build.0 = Debug|Any CPU
		{439233D3-228D-449B-B740-074276B61D31}.Debug|x86.ActiveCfg = Debug|Any CPU
		{439233D3-228D-449B-B740-074276B61D31}.Debug|x86.Build.0 = Debug|Any CPU
		{439233D3-228D-449B-B740-074276B61D31}.Release|Any CPU.ActiveCfg = Release|Any CPU
		{439233D3-228D-449B-B740-074276B61D31}.Release|Any CPU.Build.0 = Release|Any CPU
		{439233D3-228D-449B-B740-074276B61D31}.Release|x64.ActiveCfg = Release|Any CPU
		{439233D3-228D-449B-B740-074276B61D31}.Release|x64.Build.0 = Release|Any CPU
		{439233D3-228D-449B-B740-074276B61D31}.Release|x86.ActiveCfg = Release|Any CPU
		{439233D3-228D-449B-B740-074276B61D31}.Release|x86.Build.0 = Release|Any CPU
		{6D34B8A5-66D5-46C4-AF35-7663AE645F39}.Debug|Any CPU.ActiveCfg = Debug|Any CPU
		{6D34B8A5-66D5-46C4-AF35-7663AE645F39}.Debug|Any CPU.Build.0 = Debug|Any CPU
		{6D34B8A5-66D5-46C4-AF35-7663AE645F39}.Debug|x64.ActiveCfg = Debug|Any CPU
		{6D34B8A5-66D5-46C4-AF35-7663AE645F39}.Debug|x64.Build.0 = Debug|Any CPU
		{6D34B8A5-66D5-46C4-AF35-7663AE645F39}.Debug|x86.ActiveCfg = Debug|Any CPU
		{6D34B8A5-66D5-46C4-AF35-7663AE645F39}.Debug|x86.Build.0 = Debug|Any CPU
		{6D34B8A5-66D5-46C4-AF35-7663AE645F39}.Release|Any CPU.ActiveCfg = Release|Any CPU
		{6D34B8A5-66D5-46C4-AF35-7663AE645F39}.Release|Any CPU.Build.0 = Release|Any CPU
		{6D34B8A5-66D5-46C4-AF35-7663AE645F39}.Release|x64.ActiveCfg = Release|Any CPU
		{6D34B8A5-66D5-46C4-AF35-7663AE645F39}.Release|x64.Build.0 = Release|Any CPU
		{6D34B8A5-66D5-46C4-AF35-7663AE645F39}.Release|x86.ActiveCfg = Release|Any CPU
		{6D34B8A5-66D5-46C4-AF35-7663AE645F39}.Release|x86.Build.0 = Release|Any CPU
		{26884BD7-C393-4942-BDE2-4B4E02CEC2C7}.Debug|Any CPU.ActiveCfg = Debug|Any CPU
		{26884BD7-C393-4942-BDE2-4B4E02CEC2C7}.Debug|Any CPU.Build.0 = Debug|Any CPU
		{26884BD7-C393-4942-BDE2-4B4E02CEC2C7}.Debug|x64.ActiveCfg = Debug|Any CPU
		{26884BD7-C393-4942-BDE2-4B4E02CEC2C7}.Debug|x64.Build.0 = Debug|Any CPU
		{26884BD7-C393-4942-BDE2-4B4E02CEC2C7}.Debug|x86.ActiveCfg = Debug|Any CPU
		{26884BD7-C393-4942-BDE2-4B4E02CEC2C7}.Debug|x86.Build.0 = Debug|Any CPU
		{26884BD7-C393-4942-BDE2-4B4E02CEC2C7}.Release|Any CPU.ActiveCfg = Release|Any CPU
		{26884BD7-C393-4942-BDE2-4B4E02CEC2C7}.Release|Any CPU.Build.0 = Release|Any CPU
		{26884BD7-C393-4942-BDE2-4B4E02CEC2C7}.Release|x64.ActiveCfg = Release|Any CPU
		{26884BD7-C393-4942-BDE2-4B4E02CEC2C7}.Release|x64.Build.0 = Release|Any CPU
		{26884BD7-C393-4942-BDE2-4B4E02CEC2C7}.Release|x86.ActiveCfg = Release|Any CPU
		{26884BD7-C393-4942-BDE2-4B4E02CEC2C7}.Release|x86.Build.0 = Release|Any CPU
		{61713704-6188-4732-8FED-A3F0DB2A2D08}.Debug|Any CPU.ActiveCfg = Debug|Any CPU
		{61713704-6188-4732-8FED-A3F0DB2A2D08}.Debug|Any CPU.Build.0 = Debug|Any CPU
		{61713704-6188-4732-8FED-A3F0DB2A2D08}.Debug|x64.ActiveCfg = Debug|Any CPU
		{61713704-6188-4732-8FED-A3F0DB2A2D08}.Debug|x64.Build.0 = Debug|Any CPU
		{61713704-6188-4732-8FED-A3F0DB2A2D08}.Debug|x86.ActiveCfg = Debug|Any CPU
		{61713704-6188-4732-8FED-A3F0DB2A2D08}.Debug|x86.Build.0 = Debug|Any CPU
		{61713704-6188-4732-8FED-A3F0DB2A2D08}.Release|Any CPU.ActiveCfg = Release|Any CPU
		{61713704-6188-4732-8FED-A3F0DB2A2D08}.Release|Any CPU.Build.0 = Release|Any CPU
		{61713704-6188-4732-8FED-A3F0DB2A2D08}.Release|x64.ActiveCfg = Release|Any CPU
		{61713704-6188-4732-8FED-A3F0DB2A2D08}.Release|x64.Build.0 = Release|Any CPU
		{61713704-6188-4732-8FED-A3F0DB2A2D08}.Release|x86.ActiveCfg = Release|Any CPU
		{61713704-6188-4732-8FED-A3F0DB2A2D08}.Release|x86.Build.0 = Release|Any CPU
		{CE80D66F-0144-452F-A0BB-179A12E6BCE8}.Debug|Any CPU.ActiveCfg = Debug|Any CPU
		{CE80D66F-0144-452F-A0BB-179A12E6BCE8}.Debug|Any CPU.Build.0 = Debug|Any CPU
		{CE80D66F-0144-452F-A0BB-179A12E6BCE8}.Debug|x64.ActiveCfg = Debug|Any CPU
		{CE80D66F-0144-452F-A0BB-179A12E6BCE8}.Debug|x64.Build.0 = Debug|Any CPU
		{CE80D66F-0144-452F-A0BB-179A12E6BCE8}.Debug|x86.ActiveCfg = Debug|Any CPU
		{CE80D66F-0144-452F-A0BB-179A12E6BCE8}.Debug|x86.Build.0 = Debug|Any CPU
		{CE80D66F-0144-452F-A0BB-179A12E6BCE8}.Release|Any CPU.ActiveCfg = Release|Any CPU
		{CE80D66F-0144-452F-A0BB-179A12E6BCE8}.Release|Any CPU.Build.0 = Release|Any CPU
		{CE80D66F-0144-452F-A0BB-179A12E6BCE8}.Release|x64.ActiveCfg = Release|Any CPU
		{CE80D66F-0144-452F-A0BB-179A12E6BCE8}.Release|x64.Build.0 = Release|Any CPU
		{CE80D66F-0144-452F-A0BB-179A12E6BCE8}.Release|x86.ActiveCfg = Release|Any CPU
		{CE80D66F-0144-452F-A0BB-179A12E6BCE8}.Release|x86.Build.0 = Release|Any CPU
		{3BB80DCD-0ADD-40C8-B777-335E53E91673}.Debug|Any CPU.ActiveCfg = Debug|Any CPU
		{3BB80DCD-0ADD-40C8-B777-335E53E91673}.Debug|Any CPU.Build.0 = Debug|Any CPU
		{3BB80DCD-0ADD-40C8-B777-335E53E91673}.Debug|x64.ActiveCfg = Debug|Any CPU
		{3BB80DCD-0ADD-40C8-B777-335E53E91673}.Debug|x64.Build.0 = Debug|Any CPU
		{3BB80DCD-0ADD-40C8-B777-335E53E91673}.Debug|x86.ActiveCfg = Debug|Any CPU
		{3BB80DCD-0ADD-40C8-B777-335E53E91673}.Debug|x86.Build.0 = Debug|Any CPU
		{3BB80DCD-0ADD-40C8-B777-335E53E91673}.Release|Any CPU.ActiveCfg = Release|Any CPU
		{3BB80DCD-0ADD-40C8-B777-335E53E91673}.Release|Any CPU.Build.0 = Release|Any CPU
		{3BB80DCD-0ADD-40C8-B777-335E53E91673}.Release|x64.ActiveCfg = Release|Any CPU
		{3BB80DCD-0ADD-40C8-B777-335E53E91673}.Release|x64.Build.0 = Release|Any CPU
		{3BB80DCD-0ADD-40C8-B777-335E53E91673}.Release|x86.ActiveCfg = Release|Any CPU
		{3BB80DCD-0ADD-40C8-B777-335E53E91673}.Release|x86.Build.0 = Release|Any CPU
		{66571D1A-3CB0-4118-90C4-DC9F3B6F129D}.Debug|Any CPU.ActiveCfg = Debug|Any CPU
		{66571D1A-3CB0-4118-90C4-DC9F3B6F129D}.Debug|Any CPU.Build.0 = Debug|Any CPU
		{66571D1A-3CB0-4118-90C4-DC9F3B6F129D}.Debug|x64.ActiveCfg = Debug|Any CPU
		{66571D1A-3CB0-4118-90C4-DC9F3B6F129D}.Debug|x64.Build.0 = Debug|Any CPU
		{66571D1A-3CB0-4118-90C4-DC9F3B6F129D}.Debug|x86.ActiveCfg = Debug|Any CPU
		{66571D1A-3CB0-4118-90C4-DC9F3B6F129D}.Debug|x86.Build.0 = Debug|Any CPU
		{66571D1A-3CB0-4118-90C4-DC9F3B6F129D}.Release|Any CPU.ActiveCfg = Release|Any CPU
		{66571D1A-3CB0-4118-90C4-DC9F3B6F129D}.Release|Any CPU.Build.0 = Release|Any CPU
		{66571D1A-3CB0-4118-90C4-DC9F3B6F129D}.Release|x64.ActiveCfg = Release|Any CPU
		{66571D1A-3CB0-4118-90C4-DC9F3B6F129D}.Release|x64.Build.0 = Release|Any CPU
		{66571D1A-3CB0-4118-90C4-DC9F3B6F129D}.Release|x86.ActiveCfg = Release|Any CPU
		{66571D1A-3CB0-4118-90C4-DC9F3B6F129D}.Release|x86.Build.0 = Release|Any CPU
		{7343AA97-E9EC-4EC2-B62C-3D41618DA82F}.Debug|Any CPU.ActiveCfg = Debug|Any CPU
		{7343AA97-E9EC-4EC2-B62C-3D41618DA82F}.Debug|Any CPU.Build.0 = Debug|Any CPU
		{7343AA97-E9EC-4EC2-B62C-3D41618DA82F}.Debug|x64.ActiveCfg = Debug|Any CPU
		{7343AA97-E9EC-4EC2-B62C-3D41618DA82F}.Debug|x64.Build.0 = Debug|Any CPU
		{7343AA97-E9EC-4EC2-B62C-3D41618DA82F}.Debug|x86.ActiveCfg = Debug|Any CPU
		{7343AA97-E9EC-4EC2-B62C-3D41618DA82F}.Debug|x86.Build.0 = Debug|Any CPU
		{7343AA97-E9EC-4EC2-B62C-3D41618DA82F}.Release|Any CPU.ActiveCfg = Release|Any CPU
		{7343AA97-E9EC-4EC2-B62C-3D41618DA82F}.Release|Any CPU.Build.0 = Release|Any CPU
		{7343AA97-E9EC-4EC2-B62C-3D41618DA82F}.Release|x64.ActiveCfg = Release|Any CPU
		{7343AA97-E9EC-4EC2-B62C-3D41618DA82F}.Release|x64.Build.0 = Release|Any CPU
		{7343AA97-E9EC-4EC2-B62C-3D41618DA82F}.Release|x86.ActiveCfg = Release|Any CPU
		{7343AA97-E9EC-4EC2-B62C-3D41618DA82F}.Release|x86.Build.0 = Release|Any CPU
		{A1955D91-0E6F-4A9D-BA6E-24E4048667C6}.Debug|Any CPU.ActiveCfg = Debug|Any CPU
		{A1955D91-0E6F-4A9D-BA6E-24E4048667C6}.Debug|Any CPU.Build.0 = Debug|Any CPU
		{A1955D91-0E6F-4A9D-BA6E-24E4048667C6}.Debug|x64.ActiveCfg = Debug|Any CPU
		{A1955D91-0E6F-4A9D-BA6E-24E4048667C6}.Debug|x64.Build.0 = Debug|Any CPU
		{A1955D91-0E6F-4A9D-BA6E-24E4048667C6}.Debug|x86.ActiveCfg = Debug|Any CPU
		{A1955D91-0E6F-4A9D-BA6E-24E4048667C6}.Debug|x86.Build.0 = Debug|Any CPU
		{A1955D91-0E6F-4A9D-BA6E-24E4048667C6}.Release|Any CPU.ActiveCfg = Release|Any CPU
		{A1955D91-0E6F-4A9D-BA6E-24E4048667C6}.Release|Any CPU.Build.0 = Release|Any CPU
		{A1955D91-0E6F-4A9D-BA6E-24E4048667C6}.Release|x64.ActiveCfg = Release|Any CPU
		{A1955D91-0E6F-4A9D-BA6E-24E4048667C6}.Release|x64.Build.0 = Release|Any CPU
		{A1955D91-0E6F-4A9D-BA6E-24E4048667C6}.Release|x86.ActiveCfg = Release|Any CPU
		{A1955D91-0E6F-4A9D-BA6E-24E4048667C6}.Release|x86.Build.0 = Release|Any CPU
		{148C1030-DC88-469A-9208-52B30B117544}.Debug|Any CPU.ActiveCfg = Debug|Any CPU
		{148C1030-DC88-469A-9208-52B30B117544}.Debug|Any CPU.Build.0 = Debug|Any CPU
		{148C1030-DC88-469A-9208-52B30B117544}.Debug|x64.ActiveCfg = Debug|Any CPU
		{148C1030-DC88-469A-9208-52B30B117544}.Debug|x64.Build.0 = Debug|Any CPU
		{148C1030-DC88-469A-9208-52B30B117544}.Debug|x86.ActiveCfg = Debug|Any CPU
		{148C1030-DC88-469A-9208-52B30B117544}.Debug|x86.Build.0 = Debug|Any CPU
		{148C1030-DC88-469A-9208-52B30B117544}.Release|Any CPU.ActiveCfg = Release|Any CPU
		{148C1030-DC88-469A-9208-52B30B117544}.Release|Any CPU.Build.0 = Release|Any CPU
		{148C1030-DC88-469A-9208-52B30B117544}.Release|x64.ActiveCfg = Release|Any CPU
		{148C1030-DC88-469A-9208-52B30B117544}.Release|x64.Build.0 = Release|Any CPU
		{148C1030-DC88-469A-9208-52B30B117544}.Release|x86.ActiveCfg = Release|Any CPU
		{148C1030-DC88-469A-9208-52B30B117544}.Release|x86.Build.0 = Release|Any CPU
		{99D0E67D-8602-4EED-9CD3-9667A0D293A7}.Debug|Any CPU.ActiveCfg = Debug|Any CPU
		{99D0E67D-8602-4EED-9CD3-9667A0D293A7}.Debug|Any CPU.Build.0 = Debug|Any CPU
		{99D0E67D-8602-4EED-9CD3-9667A0D293A7}.Debug|x64.ActiveCfg = Debug|Any CPU
		{99D0E67D-8602-4EED-9CD3-9667A0D293A7}.Debug|x64.Build.0 = Debug|Any CPU
		{99D0E67D-8602-4EED-9CD3-9667A0D293A7}.Debug|x86.ActiveCfg = Debug|Any CPU
		{99D0E67D-8602-4EED-9CD3-9667A0D293A7}.Debug|x86.Build.0 = Debug|Any CPU
		{99D0E67D-8602-4EED-9CD3-9667A0D293A7}.Release|Any CPU.ActiveCfg = Release|Any CPU
		{99D0E67D-8602-4EED-9CD3-9667A0D293A7}.Release|Any CPU.Build.0 = Release|Any CPU
		{99D0E67D-8602-4EED-9CD3-9667A0D293A7}.Release|x64.ActiveCfg = Release|Any CPU
		{99D0E67D-8602-4EED-9CD3-9667A0D293A7}.Release|x64.Build.0 = Release|Any CPU
		{99D0E67D-8602-4EED-9CD3-9667A0D293A7}.Release|x86.ActiveCfg = Release|Any CPU
		{99D0E67D-8602-4EED-9CD3-9667A0D293A7}.Release|x86.Build.0 = Release|Any CPU
		{D3D210FE-E01B-452C-AE57-418F8B210054}.Debug|Any CPU.ActiveCfg = Debug|Any CPU
		{D3D210FE-E01B-452C-AE57-418F8B210054}.Debug|Any CPU.Build.0 = Debug|Any CPU
		{D3D210FE-E01B-452C-AE57-418F8B210054}.Debug|x64.ActiveCfg = Debug|Any CPU
		{D3D210FE-E01B-452C-AE57-418F8B210054}.Debug|x64.Build.0 = Debug|Any CPU
		{D3D210FE-E01B-452C-AE57-418F8B210054}.Debug|x86.ActiveCfg = Debug|Any CPU
		{D3D210FE-E01B-452C-AE57-418F8B210054}.Debug|x86.Build.0 = Debug|Any CPU
		{D3D210FE-E01B-452C-AE57-418F8B210054}.Release|Any CPU.ActiveCfg = Release|Any CPU
		{D3D210FE-E01B-452C-AE57-418F8B210054}.Release|Any CPU.Build.0 = Release|Any CPU
		{D3D210FE-E01B-452C-AE57-418F8B210054}.Release|x64.ActiveCfg = Release|Any CPU
		{D3D210FE-E01B-452C-AE57-418F8B210054}.Release|x64.Build.0 = Release|Any CPU
		{D3D210FE-E01B-452C-AE57-418F8B210054}.Release|x86.ActiveCfg = Release|Any CPU
		{D3D210FE-E01B-452C-AE57-418F8B210054}.Release|x86.Build.0 = Release|Any CPU
	EndGlobalSection
	GlobalSection(SolutionProperties) = preSolution
		HideSolutionNode = FALSE
	EndGlobalSection
	GlobalSection(NestedProjects) = preSolution
		{439233D3-228D-449B-B740-074276B61D31} = {827E0CD3-B72D-47B6-A68D-7590B98EB39B}
		{6D34B8A5-66D5-46C4-AF35-7663AE645F39} = {827E0CD3-B72D-47B6-A68D-7590B98EB39B}
		{26884BD7-C393-4942-BDE2-4B4E02CEC2C7} = {827E0CD3-B72D-47B6-A68D-7590B98EB39B}
		{61713704-6188-4732-8FED-A3F0DB2A2D08} = {827E0CD3-B72D-47B6-A68D-7590B98EB39B}
		{CE80D66F-0144-452F-A0BB-179A12E6BCE8} = {827E0CD3-B72D-47B6-A68D-7590B98EB39B}
		{3BB80DCD-0ADD-40C8-B777-335E53E91673} = {827E0CD3-B72D-47B6-A68D-7590B98EB39B}
		{66571D1A-3CB0-4118-90C4-DC9F3B6F129D} = {0AB3BF05-4346-4AA6-1389-037BE0695223}
		{7343AA97-E9EC-4EC2-B62C-3D41618DA82F} = {0AB3BF05-4346-4AA6-1389-037BE0695223}
		{A1955D91-0E6F-4A9D-BA6E-24E4048667C6} = {0AB3BF05-4346-4AA6-1389-037BE0695223}
		{148C1030-DC88-469A-9208-52B30B117544} = {0AB3BF05-4346-4AA6-1389-037BE0695223}
		{99D0E67D-8602-4EED-9CD3-9667A0D293A7} = {0AB3BF05-4346-4AA6-1389-037BE0695223}
		{D3D210FE-E01B-452C-AE57-418F8B210054} = {0AB3BF05-4346-4AA6-1389-037BE0695223}
	EndGlobalSection
EndGlobal
