
Microsoft Visual Studio Solution File, Format Version 12.00
# Visual Studio Version 17
VisualStudioVersion = 17.0.31903.59
MinimumVisualStudioVersion = 10.0.40219.1
Project("{2150E333-8FDC-42A3-9474-1A3956D46DE8}") = "solution_items", "solution_items", "{02EA681E-C7D8-13C7-8484-4AC65E1B71E8}"
	ProjectSection(SolutionItems) = preProject
		.editorconfig = .editorconfig
		.gitattributes = .gitattributes
		.gitignore = .gitignore
		Directory.Build.props = Directory.Build.props
		Directory.Packages.props = Directory.Packages.props
		exclusion.dic = exclusion.dic
		global.json = global.json
		README.md = README.md
	EndProjectSection
EndProject
Project("{2150E333-8FDC-42A3-9474-1A3956D46DE8}") = "src", "src", "{827E0CD3-B72D-47B6-A68D-7590B98EB39B}"
EndProject
Project("{FAE04EC0-301F-11D3-BF4B-00C04F79EFBC}") = "Eurocentric.WebApp", "src\Eurocentric.WebApp\Eurocentric.WebApp.csproj", "{6FC8F1CE-095E-4126-B64D-CCA8B222D303}"
EndProject
Project("{FAE04EC0-301F-11D3-BF4B-00C04F79EFBC}") = "Eurocentric.Domain", "src\Eurocentric.Domain\Eurocentric.Domain.csproj", "{A0457378-A50C-4E9F-A63D-0FFCAF725D50}"
EndProject
Project("{FAE04EC0-301F-11D3-BF4B-00C04F79EFBC}") = "Eurocentric.Features", "src\Eurocentric.Features\Eurocentric.Features.csproj", "{D81AF0C1-18B5-4D60-BE72-CBFCA685BEBF}"
EndProject
Project("{FAE04EC0-301F-11D3-BF4B-00C04F79EFBC}") = "Eurocentric.Infrastructure", "src\Eurocentric.Infrastructure\Eurocentric.Infrastructure.csproj", "{0F00C397-A484-4706-A4FE-DB4FEE291849}"
EndProject
Project("{2150E333-8FDC-42A3-9474-1A3956D46DE8}") = "tests", "tests", "{0AB3BF05-4346-4AA6-1389-037BE0695223}"
EndProject
Project("{2150E333-8FDC-42A3-9474-1A3956D46DE8}") = "acceptance", "acceptance", "{25852D48-217B-4318-BECB-5007AD5B3D90}"
EndProject
Project("{FAE04EC0-301F-11D3-BF4B-00C04F79EFBC}") = "Eurocentric.Features.AcceptanceTests", "tests\acceptance\Eurocentric.Features.AcceptanceTests\Eurocentric.Features.AcceptanceTests.csproj", "{2D401C8B-D0B6-4703-AFDD-911F41B81B77}"
EndProject
Project("{2150E333-8FDC-42A3-9474-1A3956D46DE8}") = "architecture", "architecture", "{875CD587-DE2F-08EE-74FB-D6BE4E474EF3}"
EndProject
Project("{FAE04EC0-301F-11D3-BF4B-00C04F79EFBC}") = "Eurocentric.Domain.ArchitectureTests", "tests\architecture\Eurocentric.Domain.ArchitectureTests\Eurocentric.Domain.ArchitectureTests.csproj", "{3989A039-03BB-4954-86C7-E9FE45A04542}"
EndProject
Project("{FAE04EC0-301F-11D3-BF4B-00C04F79EFBC}") = "Eurocentric.Features.ArchitectureTests", "tests\architecture\Eurocentric.Features.ArchitectureTests\Eurocentric.Features.ArchitectureTests.csproj", "{4386B6F2-5F1A-48AB-A56D-BFECAD2A6EDC}"
EndProject
Project("{FAE04EC0-301F-11D3-BF4B-00C04F79EFBC}") = "Eurocentric.Infrastructure.ArchitectureTests", "tests\architecture\Eurocentric.Infrastructure.ArchitectureTests\Eurocentric.Infrastructure.ArchitectureTests.csproj", "{371A383A-8DCA-4F27-93AB-77E8DB75672D}"
EndProject
Project("{2150E333-8FDC-42A3-9474-1A3956D46DE8}") = "unit", "unit", "{BC954978-5A0D-49D9-BD93-AF2907EA7FDB}"
EndProject
Project("{FAE04EC0-301F-11D3-BF4B-00C04F79EFBC}") = "Eurocentric.Domain.UnitTests", "tests\unit\Eurocentric.Domain.UnitTests\Eurocentric.Domain.UnitTests.csproj", "{1193A972-7AEE-4DB9-A290-00E529ED1259}"
EndProject
Project("{FAE04EC0-301F-11D3-BF4B-00C04F79EFBC}") = "Eurocentric.Features.UnitTests", "tests\unit\Eurocentric.Features.UnitTests\Eurocentric.Features.UnitTests.csproj", "{ECB267E2-6B72-4AFE-8CE8-D5CB7574D028}"
EndProject
Global
	GlobalSection(SolutionConfigurationPlatforms) = preSolution
		Debug|Any CPU = Debug|Any CPU
		Debug|x64 = Debug|x64
		Debug|x86 = Debug|x86
		Release|Any CPU = Release|Any CPU
		Release|x64 = Release|x64
		Release|x86 = Release|x86
	EndGlobalSection
	GlobalSection(ProjectConfigurationPlatforms) = postSolution
		{6FC8F1CE-095E-4126-B64D-CCA8B222D303}.Debug|Any CPU.ActiveCfg = Debug|Any CPU
		{6FC8F1CE-095E-4126-B64D-CCA8B222D303}.Debug|Any CPU.Build.0 = Debug|Any CPU
		{6FC8F1CE-095E-4126-B64D-CCA8B222D303}.Debug|x64.ActiveCfg = Debug|Any CPU
		{6FC8F1CE-095E-4126-B64D-CCA8B222D303}.Debug|x64.Build.0 = Debug|Any CPU
		{6FC8F1CE-095E-4126-B64D-CCA8B222D303}.Debug|x86.ActiveCfg = Debug|Any CPU
		{6FC8F1CE-095E-4126-B64D-CCA8B222D303}.Debug|x86.Build.0 = Debug|Any CPU
		{6FC8F1CE-095E-4126-B64D-CCA8B222D303}.Release|Any CPU.ActiveCfg = Release|Any CPU
		{6FC8F1CE-095E-4126-B64D-CCA8B222D303}.Release|Any CPU.Build.0 = Release|Any CPU
		{6FC8F1CE-095E-4126-B64D-CCA8B222D303}.Release|x64.ActiveCfg = Release|Any CPU
		{6FC8F1CE-095E-4126-B64D-CCA8B222D303}.Release|x64.Build.0 = Release|Any CPU
		{6FC8F1CE-095E-4126-B64D-CCA8B222D303}.Release|x86.ActiveCfg = Release|Any CPU
		{6FC8F1CE-095E-4126-B64D-CCA8B222D303}.Release|x86.Build.0 = Release|Any CPU
		{A0457378-A50C-4E9F-A63D-0FFCAF725D50}.Debug|Any CPU.ActiveCfg = Debug|Any CPU
		{A0457378-A50C-4E9F-A63D-0FFCAF725D50}.Debug|Any CPU.Build.0 = Debug|Any CPU
		{A0457378-A50C-4E9F-A63D-0FFCAF725D50}.Debug|x64.ActiveCfg = Debug|Any CPU
		{A0457378-A50C-4E9F-A63D-0FFCAF725D50}.Debug|x64.Build.0 = Debug|Any CPU
		{A0457378-A50C-4E9F-A63D-0FFCAF725D50}.Debug|x86.ActiveCfg = Debug|Any CPU
		{A0457378-A50C-4E9F-A63D-0FFCAF725D50}.Debug|x86.Build.0 = Debug|Any CPU
		{A0457378-A50C-4E9F-A63D-0FFCAF725D50}.Release|Any CPU.ActiveCfg = Release|Any CPU
		{A0457378-A50C-4E9F-A63D-0FFCAF725D50}.Release|Any CPU.Build.0 = Release|Any CPU
		{A0457378-A50C-4E9F-A63D-0FFCAF725D50}.Release|x64.ActiveCfg = Release|Any CPU
		{A0457378-A50C-4E9F-A63D-0FFCAF725D50}.Release|x64.Build.0 = Release|Any CPU
		{A0457378-A50C-4E9F-A63D-0FFCAF725D50}.Release|x86.ActiveCfg = Release|Any CPU
		{A0457378-A50C-4E9F-A63D-0FFCAF725D50}.Release|x86.Build.0 = Release|Any CPU
		{D81AF0C1-18B5-4D60-BE72-CBFCA685BEBF}.Debug|Any CPU.ActiveCfg = Debug|Any CPU
		{D81AF0C1-18B5-4D60-BE72-CBFCA685BEBF}.Debug|Any CPU.Build.0 = Debug|Any CPU
		{D81AF0C1-18B5-4D60-BE72-CBFCA685BEBF}.Debug|x64.ActiveCfg = Debug|Any CPU
		{D81AF0C1-18B5-4D60-BE72-CBFCA685BEBF}.Debug|x64.Build.0 = Debug|Any CPU
		{D81AF0C1-18B5-4D60-BE72-CBFCA685BEBF}.Debug|x86.ActiveCfg = Debug|Any CPU
		{D81AF0C1-18B5-4D60-BE72-CBFCA685BEBF}.Debug|x86.Build.0 = Debug|Any CPU
		{D81AF0C1-18B5-4D60-BE72-CBFCA685BEBF}.Release|Any CPU.ActiveCfg = Release|Any CPU
		{D81AF0C1-18B5-4D60-BE72-CBFCA685BEBF}.Release|Any CPU.Build.0 = Release|Any CPU
		{D81AF0C1-18B5-4D60-BE72-CBFCA685BEBF}.Release|x64.ActiveCfg = Release|Any CPU
		{D81AF0C1-18B5-4D60-BE72-CBFCA685BEBF}.Release|x64.Build.0 = Release|Any CPU
		{D81AF0C1-18B5-4D60-BE72-CBFCA685BEBF}.Release|x86.ActiveCfg = Release|Any CPU
		{D81AF0C1-18B5-4D60-BE72-CBFCA685BEBF}.Release|x86.Build.0 = Release|Any CPU
		{0F00C397-A484-4706-A4FE-DB4FEE291849}.Debug|Any CPU.ActiveCfg = Debug|Any CPU
		{0F00C397-A484-4706-A4FE-DB4FEE291849}.Debug|Any CPU.Build.0 = Debug|Any CPU
		{0F00C397-A484-4706-A4FE-DB4FEE291849}.Debug|x64.ActiveCfg = Debug|Any CPU
		{0F00C397-A484-4706-A4FE-DB4FEE291849}.Debug|x64.Build.0 = Debug|Any CPU
		{0F00C397-A484-4706-A4FE-DB4FEE291849}.Debug|x86.ActiveCfg = Debug|Any CPU
		{0F00C397-A484-4706-A4FE-DB4FEE291849}.Debug|x86.Build.0 = Debug|Any CPU
		{0F00C397-A484-4706-A4FE-DB4FEE291849}.Release|Any CPU.ActiveCfg = Release|Any CPU
		{0F00C397-A484-4706-A4FE-DB4FEE291849}.Release|Any CPU.Build.0 = Release|Any CPU
		{0F00C397-A484-4706-A4FE-DB4FEE291849}.Release|x64.ActiveCfg = Release|Any CPU
		{0F00C397-A484-4706-A4FE-DB4FEE291849}.Release|x64.Build.0 = Release|Any CPU
		{0F00C397-A484-4706-A4FE-DB4FEE291849}.Release|x86.ActiveCfg = Release|Any CPU
		{0F00C397-A484-4706-A4FE-DB4FEE291849}.Release|x86.Build.0 = Release|Any CPU
		{2D401C8B-D0B6-4703-AFDD-911F41B81B77}.Debug|Any CPU.ActiveCfg = Debug|Any CPU
		{2D401C8B-D0B6-4703-AFDD-911F41B81B77}.Debug|Any CPU.Build.0 = Debug|Any CPU
		{2D401C8B-D0B6-4703-AFDD-911F41B81B77}.Debug|x64.ActiveCfg = Debug|Any CPU
		{2D401C8B-D0B6-4703-AFDD-911F41B81B77}.Debug|x64.Build.0 = Debug|Any CPU
		{2D401C8B-D0B6-4703-AFDD-911F41B81B77}.Debug|x86.ActiveCfg = Debug|Any CPU
		{2D401C8B-D0B6-4703-AFDD-911F41B81B77}.Debug|x86.Build.0 = Debug|Any CPU
		{2D401C8B-D0B6-4703-AFDD-911F41B81B77}.Release|Any CPU.ActiveCfg = Release|Any CPU
		{2D401C8B-D0B6-4703-AFDD-911F41B81B77}.Release|Any CPU.Build.0 = Release|Any CPU
		{2D401C8B-D0B6-4703-AFDD-911F41B81B77}.Release|x64.ActiveCfg = Release|Any CPU
		{2D401C8B-D0B6-4703-AFDD-911F41B81B77}.Release|x64.Build.0 = Release|Any CPU
		{2D401C8B-D0B6-4703-AFDD-911F41B81B77}.Release|x86.ActiveCfg = Release|Any CPU
		{2D401C8B-D0B6-4703-AFDD-911F41B81B77}.Release|x86.Build.0 = Release|Any CPU
		{3989A039-03BB-4954-86C7-E9FE45A04542}.Debug|Any CPU.ActiveCfg = Debug|Any CPU
		{3989A039-03BB-4954-86C7-E9FE45A04542}.Debug|Any CPU.Build.0 = Debug|Any CPU
		{3989A039-03BB-4954-86C7-E9FE45A04542}.Debug|x64.ActiveCfg = Debug|Any CPU
		{3989A039-03BB-4954-86C7-E9FE45A04542}.Debug|x64.Build.0 = Debug|Any CPU
		{3989A039-03BB-4954-86C7-E9FE45A04542}.Debug|x86.ActiveCfg = Debug|Any CPU
		{3989A039-03BB-4954-86C7-E9FE45A04542}.Debug|x86.Build.0 = Debug|Any CPU
		{3989A039-03BB-4954-86C7-E9FE45A04542}.Release|Any CPU.ActiveCfg = Release|Any CPU
		{3989A039-03BB-4954-86C7-E9FE45A04542}.Release|Any CPU.Build.0 = Release|Any CPU
		{3989A039-03BB-4954-86C7-E9FE45A04542}.Release|x64.ActiveCfg = Release|Any CPU
		{3989A039-03BB-4954-86C7-E9FE45A04542}.Release|x64.Build.0 = Release|Any CPU
		{3989A039-03BB-4954-86C7-E9FE45A04542}.Release|x86.ActiveCfg = Release|Any CPU
		{3989A039-03BB-4954-86C7-E9FE45A04542}.Release|x86.Build.0 = Release|Any CPU
		{4386B6F2-5F1A-48AB-A56D-BFECAD2A6EDC}.Debug|Any CPU.ActiveCfg = Debug|Any CPU
		{4386B6F2-5F1A-48AB-A56D-BFECAD2A6EDC}.Debug|Any CPU.Build.0 = Debug|Any CPU
		{4386B6F2-5F1A-48AB-A56D-BFECAD2A6EDC}.Debug|x64.ActiveCfg = Debug|Any CPU
		{4386B6F2-5F1A-48AB-A56D-BFECAD2A6EDC}.Debug|x64.Build.0 = Debug|Any CPU
		{4386B6F2-5F1A-48AB-A56D-BFECAD2A6EDC}.Debug|x86.ActiveCfg = Debug|Any CPU
		{4386B6F2-5F1A-48AB-A56D-BFECAD2A6EDC}.Debug|x86.Build.0 = Debug|Any CPU
		{4386B6F2-5F1A-48AB-A56D-BFECAD2A6EDC}.Release|Any CPU.ActiveCfg = Release|Any CPU
		{4386B6F2-5F1A-48AB-A56D-BFECAD2A6EDC}.Release|Any CPU.Build.0 = Release|Any CPU
		{4386B6F2-5F1A-48AB-A56D-BFECAD2A6EDC}.Release|x64.ActiveCfg = Release|Any CPU
		{4386B6F2-5F1A-48AB-A56D-BFECAD2A6EDC}.Release|x64.Build.0 = Release|Any CPU
		{4386B6F2-5F1A-48AB-A56D-BFECAD2A6EDC}.Release|x86.ActiveCfg = Release|Any CPU
		{4386B6F2-5F1A-48AB-A56D-BFECAD2A6EDC}.Release|x86.Build.0 = Release|Any CPU
		{371A383A-8DCA-4F27-93AB-77E8DB75672D}.Debug|Any CPU.ActiveCfg = Debug|Any CPU
		{371A383A-8DCA-4F27-93AB-77E8DB75672D}.Debug|Any CPU.Build.0 = Debug|Any CPU
		{371A383A-8DCA-4F27-93AB-77E8DB75672D}.Debug|x64.ActiveCfg = Debug|Any CPU
		{371A383A-8DCA-4F27-93AB-77E8DB75672D}.Debug|x64.Build.0 = Debug|Any CPU
		{371A383A-8DCA-4F27-93AB-77E8DB75672D}.Debug|x86.ActiveCfg = Debug|Any CPU
		{371A383A-8DCA-4F27-93AB-77E8DB75672D}.Debug|x86.Build.0 = Debug|Any CPU
		{371A383A-8DCA-4F27-93AB-77E8DB75672D}.Release|Any CPU.ActiveCfg = Release|Any CPU
		{371A383A-8DCA-4F27-93AB-77E8DB75672D}.Release|Any CPU.Build.0 = Release|Any CPU
		{371A383A-8DCA-4F27-93AB-77E8DB75672D}.Release|x64.ActiveCfg = Release|Any CPU
		{371A383A-8DCA-4F27-93AB-77E8DB75672D}.Release|x64.Build.0 = Release|Any CPU
		{371A383A-8DCA-4F27-93AB-77E8DB75672D}.Release|x86.ActiveCfg = Release|Any CPU
		{371A383A-8DCA-4F27-93AB-77E8DB75672D}.Release|x86.Build.0 = Release|Any CPU
		{1193A972-7AEE-4DB9-A290-00E529ED1259}.Debug|Any CPU.ActiveCfg = Debug|Any CPU
		{1193A972-7AEE-4DB9-A290-00E529ED1259}.Debug|Any CPU.Build.0 = Debug|Any CPU
		{1193A972-7AEE-4DB9-A290-00E529ED1259}.Debug|x64.ActiveCfg = Debug|Any CPU
		{1193A972-7AEE-4DB9-A290-00E529ED1259}.Debug|x64.Build.0 = Debug|Any CPU
		{1193A972-7AEE-4DB9-A290-00E529ED1259}.Debug|x86.ActiveCfg = Debug|Any CPU
		{1193A972-7AEE-4DB9-A290-00E529ED1259}.Debug|x86.Build.0 = Debug|Any CPU
		{1193A972-7AEE-4DB9-A290-00E529ED1259}.Release|Any CPU.ActiveCfg = Release|Any CPU
		{1193A972-7AEE-4DB9-A290-00E529ED1259}.Release|Any CPU.Build.0 = Release|Any CPU
		{1193A972-7AEE-4DB9-A290-00E529ED1259}.Release|x64.ActiveCfg = Release|Any CPU
		{1193A972-7AEE-4DB9-A290-00E529ED1259}.Release|x64.Build.0 = Release|Any CPU
		{1193A972-7AEE-4DB9-A290-00E529ED1259}.Release|x86.ActiveCfg = Release|Any CPU
		{1193A972-7AEE-4DB9-A290-00E529ED1259}.Release|x86.Build.0 = Release|Any CPU
		{ECB267E2-6B72-4AFE-8CE8-D5CB7574D028}.Debug|Any CPU.ActiveCfg = Debug|Any CPU
		{ECB267E2-6B72-4AFE-8CE8-D5CB7574D028}.Debug|Any CPU.Build.0 = Debug|Any CPU
		{ECB267E2-6B72-4AFE-8CE8-D5CB7574D028}.Debug|x64.ActiveCfg = Debug|Any CPU
		{ECB267E2-6B72-4AFE-8CE8-D5CB7574D028}.Debug|x64.Build.0 = Debug|Any CPU
		{ECB267E2-6B72-4AFE-8CE8-D5CB7574D028}.Debug|x86.ActiveCfg = Debug|Any CPU
		{ECB267E2-6B72-4AFE-8CE8-D5CB7574D028}.Debug|x86.Build.0 = Debug|Any CPU
		{ECB267E2-6B72-4AFE-8CE8-D5CB7574D028}.Release|Any CPU.ActiveCfg = Release|Any CPU
		{ECB267E2-6B72-4AFE-8CE8-D5CB7574D028}.Release|Any CPU.Build.0 = Release|Any CPU
		{ECB267E2-6B72-4AFE-8CE8-D5CB7574D028}.Release|x64.ActiveCfg = Release|Any CPU
		{ECB267E2-6B72-4AFE-8CE8-D5CB7574D028}.Release|x64.Build.0 = Release|Any CPU
		{ECB267E2-6B72-4AFE-8CE8-D5CB7574D028}.Release|x86.ActiveCfg = Release|Any CPU
		{ECB267E2-6B72-4AFE-8CE8-D5CB7574D028}.Release|x86.Build.0 = Release|Any CPU
	EndGlobalSection
	GlobalSection(SolutionProperties) = preSolution
		HideSolutionNode = FALSE
	EndGlobalSection
	GlobalSection(NestedProjects) = preSolution
		{6FC8F1CE-095E-4126-B64D-CCA8B222D303} = {827E0CD3-B72D-47B6-A68D-7590B98EB39B}
		{A0457378-A50C-4E9F-A63D-0FFCAF725D50} = {827E0CD3-B72D-47B6-A68D-7590B98EB39B}
		{D81AF0C1-18B5-4D60-BE72-CBFCA685BEBF} = {827E0CD3-B72D-47B6-A68D-7590B98EB39B}
		{0F00C397-A484-4706-A4FE-DB4FEE291849} = {827E0CD3-B72D-47B6-A68D-7590B98EB39B}
		{25852D48-217B-4318-BECB-5007AD5B3D90} = {0AB3BF05-4346-4AA6-1389-037BE0695223}
		{2D401C8B-D0B6-4703-AFDD-911F41B81B77} = {25852D48-217B-4318-BECB-5007AD5B3D90}
		{875CD587-DE2F-08EE-74FB-D6BE4E474EF3} = {0AB3BF05-4346-4AA6-1389-037BE0695223}
		{3989A039-03BB-4954-86C7-E9FE45A04542} = {875CD587-DE2F-08EE-74FB-D6BE4E474EF3}
		{4386B6F2-5F1A-48AB-A56D-BFECAD2A6EDC} = {875CD587-DE2F-08EE-74FB-D6BE4E474EF3}
		{371A383A-8DCA-4F27-93AB-77E8DB75672D} = {875CD587-DE2F-08EE-74FB-D6BE4E474EF3}
		{BC954978-5A0D-49D9-BD93-AF2907EA7FDB} = {0AB3BF05-4346-4AA6-1389-037BE0695223}
		{1193A972-7AEE-4DB9-A290-00E529ED1259} = {BC954978-5A0D-49D9-BD93-AF2907EA7FDB}
		{ECB267E2-6B72-4AFE-8CE8-D5CB7574D028} = {BC954978-5A0D-49D9-BD93-AF2907EA7FDB}
	EndGlobalSection
EndGlobal
