
Microsoft Visual Studio Solution File, Format Version 12.00
# Visual Studio Version 17
VisualStudioVersion = 17.0.31903.59
MinimumVisualStudioVersion = 10.0.40219.1
Project("{2150E333-8FDC-42A3-9474-1A3956D46DE8}") = "_solution_items", "_solution_items", "{D9FAD13F-0BA3-41F7-8E3E-0EAEC191B1DF}"
	ProjectSection(SolutionItems) = preProject
		.editorconfig = .editorconfig
		.gitattributes = .gitattributes
		.gitignore = .gitignore
		exclusion.dic = exclusion.dic
		README.md = README.md
	EndProjectSection
EndProject
Project("{2150E333-8FDC-42A3-9474-1A3956D46DE8}") = "src", "src", "{CBD06BDF-20C9-4F50-A6F4-E3F39C6E8166}"
EndProject
Project("{FAE04EC0-301F-11D3-BF4B-00C04F79EFBC}") = "Eurocentric.WebApp", "src\Eurocentric.WebApp\Eurocentric.WebApp.csproj", "{00CD8591-F60D-4005-8407-DB0A14DCC812}"
EndProject
Project("{FAE04EC0-301F-11D3-BF4B-00C04F79EFBC}") = "Eurocentric.AdminApi", "src\Eurocentric.AdminApi\Eurocentric.AdminApi.csproj", "{ED53F43A-EC15-42D3-8F10-9C20B0A8006B}"
EndProject
Project("{FAE04EC0-301F-11D3-BF4B-00C04F79EFBC}") = "Eurocentric.PublicApi", "src\Eurocentric.PublicApi\Eurocentric.PublicApi.csproj", "{17627F42-889E-43E3-B749-38E069F2E3C6}"
EndProject
Project("{FAE04EC0-301F-11D3-BF4B-00C04F79EFBC}") = "Eurocentric.Shared", "src\Eurocentric.Shared\Eurocentric.Shared.csproj", "{BB77C732-7E84-4079-8C62-505191D9252A}"
EndProject
Project("{FAE04EC0-301F-11D3-BF4B-00C04F79EFBC}") = "Eurocentric.DataAccess", "src\Eurocentric.DataAccess\Eurocentric.DataAccess.csproj", "{D9BFDA59-99C1-427B-8B4E-6138A87CBBAE}"
EndProject
Project("{FAE04EC0-301F-11D3-BF4B-00C04F79EFBC}") = "Eurocentric.Domain", "src\Eurocentric.Domain\Eurocentric.Domain.csproj", "{DADCE67D-4D0B-40EC-991D-576CA6972F82}"
EndProject
Project("{2150E333-8FDC-42A3-9474-1A3956D46DE8}") = "tests", "tests", "{4D829B98-B1D6-4FC7-A7B1-3880AD91FAEA}"
EndProject
Project("{2150E333-8FDC-42A3-9474-1A3956D46DE8}") = "utils", "utils", "{320AD2B4-0C59-445C-AACE-D3A746D757CD}"
EndProject
Project("{FAE04EC0-301F-11D3-BF4B-00C04F79EFBC}") = "Eurocentric.Tests.Utils.Attributes", "tests\utils\Eurocentric.Tests.Utils.Attributes\Eurocentric.Tests.Utils.Attributes.csproj", "{F0431AE8-6CAA-4E55-A7D2-EEFD4D69D411}"
EndProject
Project("{2150E333-8FDC-42A3-9474-1A3956D46DE8}") = "unit", "unit", "{F3C06F0C-56FF-4D33-8868-F1ED500C0FA6}"
EndProject
Project("{FAE04EC0-301F-11D3-BF4B-00C04F79EFBC}") = "Eurocentric.Domain.Tests.Unit", "tests\unit\Eurocentric.Domain.Tests.Unit\Eurocentric.Domain.Tests.Unit.csproj", "{73D73C0D-319A-4CAD-B4B1-29134EB03D6E}"
EndProject
Project("{FAE04EC0-301F-11D3-BF4B-00C04F79EFBC}") = "Eurocentric.Shared.Tests.Unit", "tests\unit\Eurocentric.Shared.Tests.Unit\Eurocentric.Shared.Tests.Unit.csproj", "{842F61F1-1C52-41AF-926C-D1D4C54BDD31}"
EndProject
Global
	GlobalSection(SolutionConfigurationPlatforms) = preSolution
		Debug|Any CPU = Debug|Any CPU
		Release|Any CPU = Release|Any CPU
	EndGlobalSection
	GlobalSection(SolutionProperties) = preSolution
		HideSolutionNode = FALSE
	EndGlobalSection
	GlobalSection(ProjectConfigurationPlatforms) = postSolution
		{00CD8591-F60D-4005-8407-DB0A14DCC812}.Debug|Any CPU.ActiveCfg = Debug|Any CPU
		{00CD8591-F60D-4005-8407-DB0A14DCC812}.Debug|Any CPU.Build.0 = Debug|Any CPU
		{00CD8591-F60D-4005-8407-DB0A14DCC812}.Release|Any CPU.ActiveCfg = Release|Any CPU
		{00CD8591-F60D-4005-8407-DB0A14DCC812}.Release|Any CPU.Build.0 = Release|Any CPU
		{ED53F43A-EC15-42D3-8F10-9C20B0A8006B}.Debug|Any CPU.ActiveCfg = Debug|Any CPU
		{ED53F43A-EC15-42D3-8F10-9C20B0A8006B}.Debug|Any CPU.Build.0 = Debug|Any CPU
		{ED53F43A-EC15-42D3-8F10-9C20B0A8006B}.Release|Any CPU.ActiveCfg = Release|Any CPU
		{ED53F43A-EC15-42D3-8F10-9C20B0A8006B}.Release|Any CPU.Build.0 = Release|Any CPU
		{17627F42-889E-43E3-B749-38E069F2E3C6}.Debug|Any CPU.ActiveCfg = Debug|Any CPU
		{17627F42-889E-43E3-B749-38E069F2E3C6}.Debug|Any CPU.Build.0 = Debug|Any CPU
		{17627F42-889E-43E3-B749-38E069F2E3C6}.Release|Any CPU.ActiveCfg = Release|Any CPU
		{17627F42-889E-43E3-B749-38E069F2E3C6}.Release|Any CPU.Build.0 = Release|Any CPU
		{BB77C732-7E84-4079-8C62-505191D9252A}.Debug|Any CPU.ActiveCfg = Debug|Any CPU
		{BB77C732-7E84-4079-8C62-505191D9252A}.Debug|Any CPU.Build.0 = Debug|Any CPU
		{BB77C732-7E84-4079-8C62-505191D9252A}.Release|Any CPU.ActiveCfg = Release|Any CPU
		{BB77C732-7E84-4079-8C62-505191D9252A}.Release|Any CPU.Build.0 = Release|Any CPU
		{D9BFDA59-99C1-427B-8B4E-6138A87CBBAE}.Debug|Any CPU.ActiveCfg = Debug|Any CPU
		{D9BFDA59-99C1-427B-8B4E-6138A87CBBAE}.Debug|Any CPU.Build.0 = Debug|Any CPU
		{D9BFDA59-99C1-427B-8B4E-6138A87CBBAE}.Release|Any CPU.ActiveCfg = Release|Any CPU
		{D9BFDA59-99C1-427B-8B4E-6138A87CBBAE}.Release|Any CPU.Build.0 = Release|Any CPU
		{DADCE67D-4D0B-40EC-991D-576CA6972F82}.Debug|Any CPU.ActiveCfg = Debug|Any CPU
		{DADCE67D-4D0B-40EC-991D-576CA6972F82}.Debug|Any CPU.Build.0 = Debug|Any CPU
		{DADCE67D-4D0B-40EC-991D-576CA6972F82}.Release|Any CPU.ActiveCfg = Release|Any CPU
		{DADCE67D-4D0B-40EC-991D-576CA6972F82}.Release|Any CPU.Build.0 = Release|Any CPU
		{F0431AE8-6CAA-4E55-A7D2-EEFD4D69D411}.Debug|Any CPU.ActiveCfg = Debug|Any CPU
		{F0431AE8-6CAA-4E55-A7D2-EEFD4D69D411}.Debug|Any CPU.Build.0 = Debug|Any CPU
		{F0431AE8-6CAA-4E55-A7D2-EEFD4D69D411}.Release|Any CPU.ActiveCfg = Release|Any CPU
		{F0431AE8-6CAA-4E55-A7D2-EEFD4D69D411}.Release|Any CPU.Build.0 = Release|Any CPU
		{73D73C0D-319A-4CAD-B4B1-29134EB03D6E}.Debug|Any CPU.ActiveCfg = Debug|Any CPU
		{73D73C0D-319A-4CAD-B4B1-29134EB03D6E}.Debug|Any CPU.Build.0 = Debug|Any CPU
		{73D73C0D-319A-4CAD-B4B1-29134EB03D6E}.Release|Any CPU.ActiveCfg = Release|Any CPU
		{73D73C0D-319A-4CAD-B4B1-29134EB03D6E}.Release|Any CPU.Build.0 = Release|Any CPU
		{842F61F1-1C52-41AF-926C-D1D4C54BDD31}.Debug|Any CPU.ActiveCfg = Debug|Any CPU
		{842F61F1-1C52-41AF-926C-D1D4C54BDD31}.Debug|Any CPU.Build.0 = Debug|Any CPU
		{842F61F1-1C52-41AF-926C-D1D4C54BDD31}.Release|Any CPU.ActiveCfg = Release|Any CPU
		{842F61F1-1C52-41AF-926C-D1D4C54BDD31}.Release|Any CPU.Build.0 = Release|Any CPU
	EndGlobalSection
	GlobalSection(NestedProjects) = preSolution
		{00CD8591-F60D-4005-8407-DB0A14DCC812} = {CBD06BDF-20C9-4F50-A6F4-E3F39C6E8166}
		{ED53F43A-EC15-42D3-8F10-9C20B0A8006B} = {CBD06BDF-20C9-4F50-A6F4-E3F39C6E8166}
		{17627F42-889E-43E3-B749-38E069F2E3C6} = {CBD06BDF-20C9-4F50-A6F4-E3F39C6E8166}
		{BB77C732-7E84-4079-8C62-505191D9252A} = {CBD06BDF-20C9-4F50-A6F4-E3F39C6E8166}
		{D9BFDA59-99C1-427B-8B4E-6138A87CBBAE} = {CBD06BDF-20C9-4F50-A6F4-E3F39C6E8166}
		{DADCE67D-4D0B-40EC-991D-576CA6972F82} = {CBD06BDF-20C9-4F50-A6F4-E3F39C6E8166}
		{320AD2B4-0C59-445C-AACE-D3A746D757CD} = {4D829B98-B1D6-4FC7-A7B1-3880AD91FAEA}
		{F0431AE8-6CAA-4E55-A7D2-EEFD4D69D411} = {320AD2B4-0C59-445C-AACE-D3A746D757CD}
		{F3C06F0C-56FF-4D33-8868-F1ED500C0FA6} = {4D829B98-B1D6-4FC7-A7B1-3880AD91FAEA}
		{73D73C0D-319A-4CAD-B4B1-29134EB03D6E} = {F3C06F0C-56FF-4D33-8868-F1ED500C0FA6}
		{842F61F1-1C52-41AF-926C-D1D4C54BDD31} = {F3C06F0C-56FF-4D33-8868-F1ED500C0FA6}
	EndGlobalSection
EndGlobal
